
Microsoft Visual Studio Solution File, Format Version 12.00
# Visual Studio Version 17
VisualStudioVersion = 17.5.002.0
MinimumVisualStudioVersion = 10.0.40219.1
Project("{9A19103F-16F7-4668-BE54-9A1E7A4F7556}") = "day4", "day4\day4.csproj", "{C465DE26-02D8-462F-9082-0E6E54887676}"
EndProject
Project("{9A19103F-16F7-4668-BE54-9A1E7A4F7556}") = "day3", "day3\day3.csproj", "{EEBDD230-8690-4C8F-AA8F-43B982E12216}"
EndProject
Project("{9A19103F-16F7-4668-BE54-9A1E7A4F7556}") = "day2", "day2\day2.csproj", "{34C38578-56A4-49B2-A805-48EDDA9B72EB}"
EndProject
Project("{9A19103F-16F7-4668-BE54-9A1E7A4F7556}") = "day5", "day5\day5.csproj", "{21458954-9459-46BD-9DB9-6C70BF8754C1}"
EndProject
Project("{9A19103F-16F7-4668-BE54-9A1E7A4F7556}") = "day1", "day1\day1.csproj", "{33C95FC4-7E3F-4217-A925-7A4A51282013}"
EndProject
Project("{FAE04EC0-301F-11D3-BF4B-00C04F79EFBC}") = "day10", "day10\day10.csproj", "{23FEB0C5-9AE2-420D-9204-26F28320DF07}"
EndProject
Project("{FAE04EC0-301F-11D3-BF4B-00C04F79EFBC}") = "day11", "day112\day11.csproj", "{0B42A158-53F1-4DE2-AFC7-EF9BFA985842}"
EndProject
Global
	GlobalSection(SolutionConfigurationPlatforms) = preSolution
		Debug|Any CPU = Debug|Any CPU
		Release|Any CPU = Release|Any CPU
	EndGlobalSection
	GlobalSection(ProjectConfigurationPlatforms) = postSolution
		{C465DE26-02D8-462F-9082-0E6E54887676}.Debug|Any CPU.ActiveCfg = Debug|Any CPU
		{C465DE26-02D8-462F-9082-0E6E54887676}.Debug|Any CPU.Build.0 = Debug|Any CPU
		{C465DE26-02D8-462F-9082-0E6E54887676}.Release|Any CPU.ActiveCfg = Release|Any CPU
		{C465DE26-02D8-462F-9082-0E6E54887676}.Release|Any CPU.Build.0 = Release|Any CPU
		{EEBDD230-8690-4C8F-AA8F-43B982E12216}.Debug|Any CPU.ActiveCfg = Debug|Any CPU
		{EEBDD230-8690-4C8F-AA8F-43B982E12216}.Debug|Any CPU.Build.0 = Debug|Any CPU
		{EEBDD230-8690-4C8F-AA8F-43B982E12216}.Release|Any CPU.ActiveCfg = Release|Any CPU
		{EEBDD230-8690-4C8F-AA8F-43B982E12216}.Release|Any CPU.Build.0 = Release|Any CPU
		{34C38578-56A4-49B2-A805-48EDDA9B72EB}.Debug|Any CPU.ActiveCfg = Debug|Any CPU
		{34C38578-56A4-49B2-A805-48EDDA9B72EB}.Debug|Any CPU.Build.0 = Debug|Any CPU
		{34C38578-56A4-49B2-A805-48EDDA9B72EB}.Release|Any CPU.ActiveCfg = Release|Any CPU
		{34C38578-56A4-49B2-A805-48EDDA9B72EB}.Release|Any CPU.Build.0 = Release|Any CPU
		{21458954-9459-46BD-9DB9-6C70BF8754C1}.Debug|Any CPU.ActiveCfg = Debug|Any CPU
		{21458954-9459-46BD-9DB9-6C70BF8754C1}.Debug|Any CPU.Build.0 = Debug|Any CPU
		{21458954-9459-46BD-9DB9-6C70BF8754C1}.Release|Any CPU.ActiveCfg = Release|Any CPU
		{21458954-9459-46BD-9DB9-6C70BF8754C1}.Release|Any CPU.Build.0 = Release|Any CPU
		{33C95FC4-7E3F-4217-A925-7A4A51282013}.Debug|Any CPU.ActiveCfg = Debug|Any CPU
		{33C95FC4-7E3F-4217-A925-7A4A51282013}.Debug|Any CPU.Build.0 = Debug|Any CPU
		{33C95FC4-7E3F-4217-A925-7A4A51282013}.Release|Any CPU.ActiveCfg = Release|Any CPU
		{33C95FC4-7E3F-4217-A925-7A4A51282013}.Release|Any CPU.Build.0 = Release|Any CPU
		{23FEB0C5-9AE2-420D-9204-26F28320DF07}.Debug|Any CPU.ActiveCfg = Debug|Any CPU
		{23FEB0C5-9AE2-420D-9204-26F28320DF07}.Debug|Any CPU.Build.0 = Debug|Any CPU
		{23FEB0C5-9AE2-420D-9204-26F28320DF07}.Release|Any CPU.ActiveCfg = Release|Any CPU
		{23FEB0C5-9AE2-420D-9204-26F28320DF07}.Release|Any CPU.Build.0 = Release|Any CPU
		{0B42A158-53F1-4DE2-AFC7-EF9BFA985842}.Debug|Any CPU.ActiveCfg = Debug|Any CPU
		{0B42A158-53F1-4DE2-AFC7-EF9BFA985842}.Debug|Any CPU.Build.0 = Debug|Any CPU
		{0B42A158-53F1-4DE2-AFC7-EF9BFA985842}.Release|Any CPU.ActiveCfg = Release|Any CPU
		{0B42A158-53F1-4DE2-AFC7-EF9BFA985842}.Release|Any CPU.Build.0 = Release|Any CPU
	EndGlobalSection
	GlobalSection(SolutionProperties) = preSolution
		HideSolutionNode = FALSE
	EndGlobalSection
	GlobalSection(ExtensibilityGlobals) = postSolution
		SolutionGuid = {4E1B58CE-1896-4AEC-A88B-BBFA16277076}
	EndGlobalSection
EndGlobal
