
Microsoft Visual Studio Solution File, Format Version 12.00
# Visual Studio Version 17
VisualStudioVersion = 17.5.002.0
MinimumVisualStudioVersion = 10.0.40219.1
Project("{2150E333-8FDC-42A3-9474-1A3956D46DE8}") = "2021", "2021", "{0E76A71B-7FB2-4CE7-9417-BF6BA2E25483}"
EndProject
Project("{9A19103F-16F7-4668-BE54-9A1E7A4F7556}") = "day4", "2021\day4\day4.csproj", "{469C4FA0-7232-46F3-AA75-F48B20B76AA3}"
EndProject
Project("{9A19103F-16F7-4668-BE54-9A1E7A4F7556}") = "day3", "2021\day3\day3.csproj", "{47160441-9DAD-481A-A095-C66AB9055CC4}"
EndProject
Project("{2150E333-8FDC-42A3-9474-1A3956D46DE8}") = "day2", "day2", "{FDC1EF58-1262-4567-A279-B4C5E2D648DD}"
EndProject
Project("{9A19103F-16F7-4668-BE54-9A1E7A4F7556}") = "day2", "2021\day2\day2\day2.csproj", "{29CFB3B0-673F-4302-BFFE-B62E2E16DAC3}"
EndProject
Project("{2150E333-8FDC-42A3-9474-1A3956D46DE8}") = "day1", "day1", "{367C5AF3-E5D4-438C-A507-7E0338A03548}"
EndProject
Project("{9A19103F-16F7-4668-BE54-9A1E7A4F7556}") = "day1", "2021\day1\day1\day1.csproj", "{E89D3F9E-ECA4-4353-96AF-8EF94757E766}"
EndProject
Global
	GlobalSection(SolutionConfigurationPlatforms) = preSolution
		Debug|Any CPU = Debug|Any CPU
		Release|Any CPU = Release|Any CPU
	EndGlobalSection
	GlobalSection(ProjectConfigurationPlatforms) = postSolution
		{469C4FA0-7232-46F3-AA75-F48B20B76AA3}.Debug|Any CPU.ActiveCfg = Debug|Any CPU
		{469C4FA0-7232-46F3-AA75-F48B20B76AA3}.Debug|Any CPU.Build.0 = Debug|Any CPU
		{469C4FA0-7232-46F3-AA75-F48B20B76AA3}.Release|Any CPU.ActiveCfg = Release|Any CPU
		{469C4FA0-7232-46F3-AA75-F48B20B76AA3}.Release|Any CPU.Build.0 = Release|Any CPU
		{47160441-9DAD-481A-A095-C66AB9055CC4}.Debug|Any CPU.ActiveCfg = Debug|Any CPU
		{47160441-9DAD-481A-A095-C66AB9055CC4}.Debug|Any CPU.Build.0 = Debug|Any CPU
		{47160441-9DAD-481A-A095-C66AB9055CC4}.Release|Any CPU.ActiveCfg = Release|Any CPU
		{47160441-9DAD-481A-A095-C66AB9055CC4}.Release|Any CPU.Build.0 = Release|Any CPU
		{29CFB3B0-673F-4302-BFFE-B62E2E16DAC3}.Debug|Any CPU.ActiveCfg = Debug|Any CPU
		{29CFB3B0-673F-4302-BFFE-B62E2E16DAC3}.Debug|Any CPU.Build.0 = Debug|Any CPU
		{29CFB3B0-673F-4302-BFFE-B62E2E16DAC3}.Release|Any CPU.ActiveCfg = Release|Any CPU
		{29CFB3B0-673F-4302-BFFE-B62E2E16DAC3}.Release|Any CPU.Build.0 = Release|Any CPU
		{E89D3F9E-ECA4-4353-96AF-8EF94757E766}.Debug|Any CPU.ActiveCfg = Debug|Any CPU
		{E89D3F9E-ECA4-4353-96AF-8EF94757E766}.Debug|Any CPU.Build.0 = Debug|Any CPU
		{E89D3F9E-ECA4-4353-96AF-8EF94757E766}.Release|Any CPU.ActiveCfg = Release|Any CPU
		{E89D3F9E-ECA4-4353-96AF-8EF94757E766}.Release|Any CPU.Build.0 = Release|Any CPU
	EndGlobalSection
	GlobalSection(SolutionProperties) = preSolution
		HideSolutionNode = FALSE
	EndGlobalSection
	GlobalSection(NestedProjects) = preSolution
		{469C4FA0-7232-46F3-AA75-F48B20B76AA3} = {0E76A71B-7FB2-4CE7-9417-BF6BA2E25483}
		{47160441-9DAD-481A-A095-C66AB9055CC4} = {0E76A71B-7FB2-4CE7-9417-BF6BA2E25483}
		{FDC1EF58-1262-4567-A279-B4C5E2D648DD} = {0E76A71B-7FB2-4CE7-9417-BF6BA2E25483}
		{29CFB3B0-673F-4302-BFFE-B62E2E16DAC3} = {FDC1EF58-1262-4567-A279-B4C5E2D648DD}
		{367C5AF3-E5D4-438C-A507-7E0338A03548} = {0E76A71B-7FB2-4CE7-9417-BF6BA2E25483}
		{E89D3F9E-ECA4-4353-96AF-8EF94757E766} = {367C5AF3-E5D4-438C-A507-7E0338A03548}
	EndGlobalSection
	GlobalSection(ExtensibilityGlobals) = postSolution
		SolutionGuid = {86CEADA7-099E-47FC-A589-A178CB545FA0}
	EndGlobalSection
EndGlobal
